{
  "version": 4,
  "terraform_version": "1.13.3",
  "serial": 9,
  "lineage": "c704a8b6-7390-a1e0-76e8-60a3600bf350",
  "outputs": {},
  "resources": [
    {
      "mode": "managed",
      "type": "google_cloudfunctions2_function",
      "name": "hello_http_terraform",
      "provider": "provider[\"registry.terraform.io/hashicorp/google\"]",
      "instances": [
        {
          "schema_version": 0,
          "attributes": {
            "build_config": [
              {
                "automatic_update_policy": [
                  {}
                ],
                "build": "projects/67037450299/locations/europe-southwest1/builds/4fd347c8-6fad-47d2-84a8-92ade5fb43b9",
                "docker_repository": "projects/angela-aso-git/locations/europe-southwest1/repositories/gcf-artifacts",
                "entry_point": "hello_http",
                "environment_variables": {},
                "on_deploy_update_policy": [],
                "runtime": "python311",
                "service_account": "projects/angela-aso-git/serviceAccounts/67037450299-compute@developer.gserviceaccount.com",
                "source": [
                  {
                    "repo_source": [],
                    "storage_source": [
                      {
                        "bucket": "angela-aso-git-function-source",
                        "generation": 1764241858624960,
                        "object": "function-source-1103656e336d267b6d9d21574efa4ea1d7dcf01b1fefb46621cc0d07c1083d54.zip"
                      }
                    ]
                  }
                ],
                "worker_pool": ""
              }
            ],
            "description": "Cloud Run function desplegada con Terraform",
            "effective_labels": {},
            "environment": "GEN_2",
            "event_trigger": [],
            "id": "projects/angela-aso-git/locations/europe-southwest1/functions/hello-http-terraform",
            "kms_key_name": "",
            "labels": {},
            "location": "europe-southwest1",
            "name": "hello-http-terraform",
            "project": "angela-aso-git",
            "service_config": [
              {
                "all_traffic_on_latest_revision": true,
                "available_cpu": "0.1666",
                "available_memory": "256M",
                "environment_variables": {
                  "ENV": "development",
                  "LOG_EXECUTION_ID": "true"
                },
                "gcf_uri": "",
                "ingress_settings": "ALLOW_ALL",
                "max_instance_count": 10,
                "max_instance_request_concurrency": 1,
                "min_instance_count": 0,
                "secret_environment_variables": [],
                "secret_volumes": [],
                "service": "projects/angela-aso-git/locations/europe-southwest1/services/hello-http-terraform",
                "service_account_email": "67037450299-compute@developer.gserviceaccount.com",
                "timeout_seconds": 60,
                "uri": "https://hello-http-terraform-rguonxusua-no.a.run.app",
                "vpc_connector": "",
                "vpc_connector_egress_settings": ""
              }
            ],
            "state": "ACTIVE",
            "terraform_labels": {},
            "timeouts": null,
            "update_time": "2025-11-27T11:11:44.850153472Z",
            "url": "https://europe-southwest1-angela-aso-git.cloudfunctions.net/hello-http-terraform"
          },
          "sensitive_attributes": [],
          "identity_schema_version": 0,
          "private": "eyJlMmJmYjczMC1lY2FhLTExZTYtOGY4OC0zNDM2M2JjN2M0YzAiOnsiY3JlYXRlIjozNjAwMDAwMDAwMDAwLCJkZWxldGUiOjM2MDAwMDAwMDAwMDAsInVwZGF0ZSI6MzYwMDAwMDAwMDAwMH19",
          "dependencies": [
            "google_project_service.cloudbuild_api",
            "google_project_service.cloudfunctions_api",
            "google_storage_bucket.function_source",
            "google_storage_bucket_object.function_source"
          ]
        }
      ]
    },
    {
      "mode": "managed",
      "type": "google_cloudfunctions2_function_iam_member",
      "name": "public_invoker",
      "provider": "provider[\"registry.terraform.io/hashicorp/google\"]",
      "instances": [
        {
          "schema_version": 0,
          "attributes": {
            "cloud_function": "projects/angela-aso-git/locations/europe-southwest1/functions/hello-http-terraform",
            "condition": [],
            "etag": "BwZEkaDrdZQ=",
            "id": "projects/angela-aso-git/locations/europe-southwest1/functions/hello-http-terraform/roles/cloudfunctions.invoker/allUsers",
            "location": "europe-southwest1",
            "member": "allUsers",
            "project": "angela-aso-git",
            "role": "roles/cloudfunctions.invoker"
          },
          "sensitive_attributes": [],
          "identity_schema_version": 0,
          "private": "bnVsbA==",
          "dependencies": [
            "google_cloudfunctions2_function.hello_http_terraform",
            "google_project_service.cloudbuild_api",
            "google_project_service.cloudfunctions_api",
            "google_storage_bucket.function_source",
            "google_storage_bucket_object.function_source"
          ]
        }
      ]
    },
    {
      "mode": "managed",
      "type": "google_project_service",
      "name": "cloudbuild_api",
      "provider": "provider[\"registry.terraform.io/hashicorp/google\"]",
      "instances": [
        {
          "schema_version": 0,
          "attributes": {
            "disable_dependent_services": null,
            "disable_on_destroy": false,
            "id": "angela-aso-git/cloudbuild.googleapis.com",
            "project": "angela-aso-git",
            "service": "cloudbuild.googleapis.com",
            "timeouts": null
          },
          "sensitive_attributes": [],
          "identity_schema_version": 0,
          "private": "eyJlMmJmYjczMC1lY2FhLTExZTYtOGY4OC0zNDM2M2JjN2M0YzAiOnsiY3JlYXRlIjoxMjAwMDAwMDAwMDAwLCJkZWxldGUiOjEyMDAwMDAwMDAwMDAsInJlYWQiOjYwMDAwMDAwMDAwMCwidXBkYXRlIjoxMjAwMDAwMDAwMDAwfX0="
        }
      ]
    },
    {
      "mode": "managed",
      "type": "google_project_service",
      "name": "cloudfunctions_api",
      "provider": "provider[\"registry.terraform.io/hashicorp/google\"]",
      "instances": [
        {
          "schema_version": 0,
          "attributes": {
            "disable_dependent_services": null,
            "disable_on_destroy": false,
            "id": "angela-aso-git/cloudfunctions.googleapis.com",
            "project": "angela-aso-git",
            "service": "cloudfunctions.googleapis.com",
            "timeouts": null
          },
          "sensitive_attributes": [],
          "identity_schema_version": 0,
          "private": "eyJlMmJmYjczMC1lY2FhLTExZTYtOGY4OC0zNDM2M2JjN2M0YzAiOnsiY3JlYXRlIjoxMjAwMDAwMDAwMDAwLCJkZWxldGUiOjEyMDAwMDAwMDAwMDAsInJlYWQiOjYwMDAwMDAwMDAwMCwidXBkYXRlIjoxMjAwMDAwMDAwMDAwfX0="
        }
      ]
    },
    {
      "mode": "managed",
      "type": "google_storage_bucket",
      "name": "function_source",
      "provider": "provider[\"registry.terraform.io/hashicorp/google\"]",
      "instances": [
        {
          "schema_version": 2,
          "attributes": {
            "autoclass": [],
            "cors": [],
            "custom_placement_config": [],
            "default_event_based_hold": false,
            "effective_labels": {},
            "enable_object_retention": false,
            "encryption": [],
            "force_destroy": true,
            "id": "angela-aso-git-function-source",
            "labels": {},
            "lifecycle_rule": [],
            "location": "EUROPE-SOUTHWEST1",
            "logging": [],
            "name": "angela-aso-git-function-source",
            "project": "angela-aso-git",
            "project_number": 67037450299,
            "public_access_prevention": "inherited",
            "requester_pays": false,
            "retention_policy": [],
            "rpo": null,
            "self_link": "https://www.googleapis.com/storage/v1/b/angela-aso-git-function-source",
            "soft_delete_policy": [
              {
                "effective_time": "2025-11-27T11:10:55.508Z",
                "retention_duration_seconds": 604800
              }
            ],
            "storage_class": "STANDARD",
            "terraform_labels": {},
            "timeouts": null,
            "uniform_bucket_level_access": true,
            "url": "gs://angela-aso-git-function-source",
            "versioning": [],
            "website": []
          },
          "sensitive_attributes": [],
          "identity_schema_version": 0,
          "private": "eyJlMmJmYjczMC1lY2FhLTExZTYtOGY4OC0zNDM2M2JjN2M0YzAiOnsiY3JlYXRlIjo2MDAwMDAwMDAwMDAsInJlYWQiOjI0MDAwMDAwMDAwMCwidXBkYXRlIjoyNDAwMDAwMDAwMDB9LCJzY2hlbWFfdmVyc2lvbiI6IjIifQ=="
        }
      ]
    },
    {
      "mode": "managed",
      "type": "google_storage_bucket_object",
      "name": "function_source",
      "provider": "provider[\"registry.terraform.io/hashicorp/google\"]",
      "instances": [
        {
          "schema_version": 0,
          "attributes": {
            "bucket": "angela-aso-git-function-source",
            "cache_control": "",
            "content": null,
            "content_disposition": "",
            "content_encoding": "",
            "content_language": "",
            "content_type": "application/zip",
            "crc32c": "RBqsGg==",
            "customer_encryption": [],
            "detect_md5hash": "hapRGQzK7lErE4MBsVBnuw==",
            "event_based_hold": false,
            "generation": 1764241856111502,
            "id": "angela-aso-git-function-source-function-source-1103656e336d267b6d9d21574efa4ea1d7dcf01b1fefb46621cc0d07c1083d54.zip",
            "kms_key_name": "",
            "md5hash": "hapRGQzK7lErE4MBsVBnuw==",
            "media_link": "https://storage.googleapis.com/download/storage/v1/b/angela-aso-git-function-source/o/function-source-1103656e336d267b6d9d21574efa4ea1d7dcf01b1fefb46621cc0d07c1083d54.zip?generation=1764241856111502\u0026alt=media",
            "metadata": {},
            "name": "function-source-1103656e336d267b6d9d21574efa4ea1d7dcf01b1fefb46621cc0d07c1083d54.zip",
            "output_name": "function-source-1103656e336d267b6d9d21574efa4ea1d7dcf01b1fefb46621cc0d07c1083d54.zip",
            "retention": [],
            "self_link": "https://www.googleapis.com/storage/v1/b/angela-aso-git-function-source/o/function-source-1103656e336d267b6d9d21574efa4ea1d7dcf01b1fefb46621cc0d07c1083d54.zip",
            "source": "./../function-source.zip",
            "storage_class": "STANDARD",
            "temporary_hold": false,
            "timeouts": null
          },
          "sensitive_attributes": [
            [
              {
                "type": "get_attr",
                "value": "content"
              }
            ]
          ],
          "identity_schema_version": 0,
          "private": "eyJlMmJmYjczMC1lY2FhLTExZTYtOGY4OC0zNDM2M2JjN2M0YzAiOnsiY3JlYXRlIjoyNDAwMDAwMDAwMDAsImRlbGV0ZSI6MjQwMDAwMDAwMDAwLCJ1cGRhdGUiOjI0MDAwMDAwMDAwMH19",
          "dependencies": [
            "google_storage_bucket.function_source"
          ]
        }
      ]
    }
  ],
  "check_results": null
}
